# This file is automatically @generated by Cargo.
# It is not intended for manual editing.
version = 3

[[package]]
name = "safemath_dev"
version = "0.1.0"
source = "registry+https://github.com/rust-lang/crates.io-index"
checksum = "0324e716aeef5cee6c4e5b3efd4a614b0c1730fcff805e03bbe868345ca2134c"

[[package]]
name = "sm_dev"
version = "0.1.0"
dependencies = [
 "safemath_dev",
]
